
Microsoft Visual Studio Solution File, Format Version 12.00
# Visual Studio Version 17
VisualStudioVersion = 17.6.33815.320
MinimumVisualStudioVersion = 10.0.40219.1
Project("{9A19103F-16F7-4668-BE54-9A1E7A4F7556}") = "PalindromeChecker", "PalindromeChecker\PalindromeChecker.csproj", "{97FE4360-66F3-42EB-B0DD-58F75309FDCC}"
EndProject
Project("{9A19103F-16F7-4668-BE54-9A1E7A4F7556}") = "FibonacciSequence", "FibonacciSequence\FibonacciSequence.csproj", "{BA5D246D-F1D5-457B-94F0-15B95487EC1B}"
EndProject
Project("{9A19103F-16F7-4668-BE54-9A1E7A4F7556}") = "PrimeNumber", "PrimeNumber\PrimeNumber.csproj", "{86614961-5051-42D2-829E-37757E73D874}"
EndProject
Project("{9A19103F-16F7-4668-BE54-9A1E7A4F7556}") = "AnagramChecker", "AnagramChecker\AnagramChecker.csproj", "{B715E372-9A7D-4C77-AC9B-E2FA2D953A8F}"
EndProject
Project("{9A19103F-16F7-4668-BE54-9A1E7A4F7556}") = "FactorialCalculation", "FactorialCalculation\FactorialCalculation.csproj", "{A2E66FF6-9146-4CC5-995A-21D5407C92B8}"
EndProject
Project("{FAE04EC0-301F-11D3-BF4B-00C04F79EFBC}") = "ReverseString", "ReverseString\ReverseString.csproj", "{28527BCE-D222-4445-9563-43716773B956}"
EndProject
Project("{FAE04EC0-301F-11D3-BF4B-00C04F79EFBC}") = "FindLargestNumber", "FindLargestNumber\FindLargestNumber.csproj", "{EB48C11B-6C27-43F5-B795-0E67F9935B47}"
EndProject
Project("{FAE04EC0-301F-11D3-BF4B-00C04F79EFBC}") = "FindSmallestNumber", "FindSmallestNumber\FindSmallestNumber.csproj", "{F7ED9CEB-57E2-4A99-B956-606170FEA8B1}"
EndProject
Project("{FAE04EC0-301F-11D3-BF4B-00C04F79EFBC}") = "SortNumbers", "SortNumbers\SortNumbers.csproj", "{2D43CBE5-03D4-4656-9C59-01222722BFAB}"
EndProject
Project("{FAE04EC0-301F-11D3-BF4B-00C04F79EFBC}") = "BinaryToDecimal", "BinaryToDecimal\BinaryToDecimal.csproj", "{70B1B7EC-2088-4B7A-A69F-2ED49DC0D7B3}"
EndProject
Global
	GlobalSection(SolutionConfigurationPlatforms) = preSolution
		Debug|Any CPU = Debug|Any CPU
		Release|Any CPU = Release|Any CPU
	EndGlobalSection
	GlobalSection(ProjectConfigurationPlatforms) = postSolution
		{97FE4360-66F3-42EB-B0DD-58F75309FDCC}.Debug|Any CPU.ActiveCfg = Debug|Any CPU
		{97FE4360-66F3-42EB-B0DD-58F75309FDCC}.Debug|Any CPU.Build.0 = Debug|Any CPU
		{97FE4360-66F3-42EB-B0DD-58F75309FDCC}.Release|Any CPU.ActiveCfg = Release|Any CPU
		{97FE4360-66F3-42EB-B0DD-58F75309FDCC}.Release|Any CPU.Build.0 = Release|Any CPU
		{BA5D246D-F1D5-457B-94F0-15B95487EC1B}.Debug|Any CPU.ActiveCfg = Debug|Any CPU
		{BA5D246D-F1D5-457B-94F0-15B95487EC1B}.Debug|Any CPU.Build.0 = Debug|Any CPU
		{BA5D246D-F1D5-457B-94F0-15B95487EC1B}.Release|Any CPU.ActiveCfg = Release|Any CPU
		{BA5D246D-F1D5-457B-94F0-15B95487EC1B}.Release|Any CPU.Build.0 = Release|Any CPU
		{86614961-5051-42D2-829E-37757E73D874}.Debug|Any CPU.ActiveCfg = Debug|Any CPU
		{86614961-5051-42D2-829E-37757E73D874}.Debug|Any CPU.Build.0 = Debug|Any CPU
		{86614961-5051-42D2-829E-37757E73D874}.Release|Any CPU.ActiveCfg = Release|Any CPU
		{86614961-5051-42D2-829E-37757E73D874}.Release|Any CPU.Build.0 = Release|Any CPU
		{B715E372-9A7D-4C77-AC9B-E2FA2D953A8F}.Debug|Any CPU.ActiveCfg = Debug|Any CPU
		{B715E372-9A7D-4C77-AC9B-E2FA2D953A8F}.Debug|Any CPU.Build.0 = Debug|Any CPU
		{B715E372-9A7D-4C77-AC9B-E2FA2D953A8F}.Release|Any CPU.ActiveCfg = Release|Any CPU
		{B715E372-9A7D-4C77-AC9B-E2FA2D953A8F}.Release|Any CPU.Build.0 = Release|Any CPU
		{A2E66FF6-9146-4CC5-995A-21D5407C92B8}.Debug|Any CPU.ActiveCfg = Debug|Any CPU
		{A2E66FF6-9146-4CC5-995A-21D5407C92B8}.Debug|Any CPU.Build.0 = Debug|Any CPU
		{A2E66FF6-9146-4CC5-995A-21D5407C92B8}.Release|Any CPU.ActiveCfg = Release|Any CPU
		{A2E66FF6-9146-4CC5-995A-21D5407C92B8}.Release|Any CPU.Build.0 = Release|Any CPU
		{28527BCE-D222-4445-9563-43716773B956}.Debug|Any CPU.ActiveCfg = Debug|Any CPU
		{28527BCE-D222-4445-9563-43716773B956}.Debug|Any CPU.Build.0 = Debug|Any CPU
		{28527BCE-D222-4445-9563-43716773B956}.Release|Any CPU.ActiveCfg = Release|Any CPU
		{28527BCE-D222-4445-9563-43716773B956}.Release|Any CPU.Build.0 = Release|Any CPU
		{EB48C11B-6C27-43F5-B795-0E67F9935B47}.Debug|Any CPU.ActiveCfg = Debug|Any CPU
		{EB48C11B-6C27-43F5-B795-0E67F9935B47}.Debug|Any CPU.Build.0 = Debug|Any CPU
		{EB48C11B-6C27-43F5-B795-0E67F9935B47}.Release|Any CPU.ActiveCfg = Release|Any CPU
		{EB48C11B-6C27-43F5-B795-0E67F9935B47}.Release|Any CPU.Build.0 = Release|Any CPU
		{F7ED9CEB-57E2-4A99-B956-606170FEA8B1}.Debug|Any CPU.ActiveCfg = Debug|Any CPU
		{F7ED9CEB-57E2-4A99-B956-606170FEA8B1}.Debug|Any CPU.Build.0 = Debug|Any CPU
		{F7ED9CEB-57E2-4A99-B956-606170FEA8B1}.Release|Any CPU.ActiveCfg = Release|Any CPU
		{F7ED9CEB-57E2-4A99-B956-606170FEA8B1}.Release|Any CPU.Build.0 = Release|Any CPU
		{2D43CBE5-03D4-4656-9C59-01222722BFAB}.Debug|Any CPU.ActiveCfg = Debug|Any CPU
		{2D43CBE5-03D4-4656-9C59-01222722BFAB}.Debug|Any CPU.Build.0 = Debug|Any CPU
		{2D43CBE5-03D4-4656-9C59-01222722BFAB}.Release|Any CPU.ActiveCfg = Release|Any CPU
		{2D43CBE5-03D4-4656-9C59-01222722BFAB}.Release|Any CPU.Build.0 = Release|Any CPU
		{70B1B7EC-2088-4B7A-A69F-2ED49DC0D7B3}.Debug|Any CPU.ActiveCfg = Debug|Any CPU
		{70B1B7EC-2088-4B7A-A69F-2ED49DC0D7B3}.Debug|Any CPU.Build.0 = Debug|Any CPU
		{70B1B7EC-2088-4B7A-A69F-2ED49DC0D7B3}.Release|Any CPU.ActiveCfg = Release|Any CPU
		{70B1B7EC-2088-4B7A-A69F-2ED49DC0D7B3}.Release|Any CPU.Build.0 = Release|Any CPU
	EndGlobalSection
	GlobalSection(SolutionProperties) = preSolution
		HideSolutionNode = FALSE
	EndGlobalSection
	GlobalSection(ExtensibilityGlobals) = postSolution
		SolutionGuid = {472103C3-4EDE-4264-83CF-7EBCF1632231}
	EndGlobalSection
EndGlobal
